
Microsoft Visual Studio Solution File, Format Version 12.00
# Visual Studio 15
Project("{FAE04EC0-301F-11D3-BF4B-00C04F79EFBC}") = "Assembly-CSharp", "Assembly-CSharp.csproj", "{F316DF5D-FCEA-97CD-2B47-E4CF711BA2DA}"
EndProject
Project("{FAE04EC0-301F-11D3-BF4B-00C04F79EFBC}") = "Assembly-CSharp-Editor", "Assembly-CSharp-Editor.csproj", "{BD44979C-38D5-CC28-FC08-5BCD3A433AA4}"
EndProject
Global
	GlobalSection(SolutionConfigurationPlatforms) = preSolution
		Debug|Any CPU = Debug|Any CPU
		Release|Any CPU = Release|Any CPU
	EndGlobalSection
	GlobalSection(ProjectConfigurationPlatforms) = postSolution
		{F316DF5D-FCEA-97CD-2B47-E4CF711BA2DA}.Debug|Any CPU.ActiveCfg = Debug|Any CPU
		{F316DF5D-FCEA-97CD-2B47-E4CF711BA2DA}.Debug|Any CPU.Build.0 = Debug|Any CPU
		{F316DF5D-FCEA-97CD-2B47-E4CF711BA2DA}.Release|Any CPU.ActiveCfg = Release|Any CPU
		{F316DF5D-FCEA-97CD-2B47-E4CF711BA2DA}.Release|Any CPU.Build.0 = Release|Any CPU
		{BD44979C-38D5-CC28-FC08-5BCD3A433AA4}.Debug|Any CPU.ActiveCfg = Debug|Any CPU
		{BD44979C-38D5-CC28-FC08-5BCD3A433AA4}.Debug|Any CPU.Build.0 = Debug|Any CPU
		{BD44979C-38D5-CC28-FC08-5BCD3A433AA4}.Release|Any CPU.ActiveCfg = Release|Any CPU
		{BD44979C-38D5-CC28-FC08-5BCD3A433AA4}.Release|Any CPU.Build.0 = Release|Any CPU
	EndGlobalSection
	GlobalSection(SolutionProperties) = preSolution
		HideSolutionNode = FALSE
	EndGlobalSection
EndGlobal
